
Microsoft Visual Studio Solution File, Format Version 12.00
# Visual Studio Version 17
VisualStudioVersion = 17.11.35303.130
MinimumVisualStudioVersion = 10.0.40219.1
Project("{8BC9CEB8-8B4A-11D0-8D11-00A0C91BC942}") = "13RomanToInteger", "13RomanToInteger\13RomanToInteger.vcxproj", "{C9F51574-0586-4872-90E7-E7E5CF960927}"
EndProject
Global
	GlobalSection(SolutionConfigurationPlatforms) = preSolution
		Debug|x64 = Debug|x64
		Debug|x86 = Debug|x86
		Release|x64 = Release|x64
		Release|x86 = Release|x86
	EndGlobalSection
	GlobalSection(ProjectConfigurationPlatforms) = postSolution
		{C9F51574-0586-4872-90E7-E7E5CF960927}.Debug|x64.ActiveCfg = Debug|x64
		{C9F51574-0586-4872-90E7-E7E5CF960927}.Debug|x64.Build.0 = Debug|x64
		{C9F51574-0586-4872-90E7-E7E5CF960927}.Debug|x86.ActiveCfg = Debug|Win32
		{C9F51574-0586-4872-90E7-E7E5CF960927}.Debug|x86.Build.0 = Debug|Win32
		{C9F51574-0586-4872-90E7-E7E5CF960927}.Release|x64.ActiveCfg = Release|x64
		{C9F51574-0586-4872-90E7-E7E5CF960927}.Release|x64.Build.0 = Release|x64
		{C9F51574-0586-4872-90E7-E7E5CF960927}.Release|x86.ActiveCfg = Release|Win32
		{C9F51574-0586-4872-90E7-E7E5CF960927}.Release|x86.Build.0 = Release|Win32
	EndGlobalSection
	GlobalSection(SolutionProperties) = preSolution
		HideSolutionNode = FALSE
	EndGlobalSection
	GlobalSection(ExtensibilityGlobals) = postSolution
		SolutionGuid = {B2C30FE1-574C-4957-8E95-ADCA9A9AE29C}
	EndGlobalSection
EndGlobal
